PODS:
  - Realm (10.42.4):
    - Realm/Headers (= 10.42.4)
  - Realm/Headers (10.42.4)
  - RealmSwift (10.42.4):
    - Realm (= 10.42.4)

DEPENDENCIES:
  - RealmSwift

SPEC REPOS:
  trunk:
    - Realm
    - RealmSwift

SPEC CHECKSUMS:
  Realm: a3a10c2110744ec9510a5fc21a6051818c6181c7
  RealmSwift: d25fa6c3cbb722a698993a501206d9841d79ca32

PODFILE CHECKSUM: c7128fb091d877a9221421674c23c866d6cb4ecc

COCOAPODS: 1.13.0
