// !$*UTF8*$!
{
	archiveVersion = 1;
	classes = {
	};
	objectVersion = 56;
	objects = {

/* Begin PBXBuildFile section */
		008E02A88C10E3688B4431BFD393F0BE /* DateRow.swift in Sources */ = {isa = PBXBuildFile; fileRef = 81C80F68F04FE4ECF6CB81FE47C72863 /* DateRow.swift */; };
		0568E4D0A08C598F5AE7DDDA0DD59923 /* ActionSheetRow.swift in Sources */ = {isa = PBXBuildFile; fileRef = F8E96899C4B7544E01A5C4F9DD2D4417 /* ActionSheetRow.swift */; };
		05E063B80D84B40AEEDC7DC5797FA3FD /* InlineRowType.swift in Sources */ = {isa = PBXBuildFile; fileRef = 51DC2FC9416C67F36AFC5268D5C37146 /* InlineRowType.swift */; };
		0FC606DB282EDA95D6DA95289AA85C61 /* DoublePickerInputRow.swift in Sources */ = {isa = PBXBuildFile; fileRef = A8811A4F93B963630805133431CCC08D /* DoublePickerInputRow.swift */; };
		14319E9AFD0122D2A9C2335604AAE596 /* Pods-ScoreboardTests-umbrella.h in Headers */ = {isa = PBXBuildFile; fileRef = 2A174E8C5667EEA93E0A9E5AD91A515B /* Pods-ScoreboardTests-umbrella.h */; settings = {ATTRIBUTES = (Public, ); }; };
		184CBCE994131F7140410E0B17E94ADE /* SelectorAlertController.swift in Sources */ = {isa = PBXBuildFile; fileRef = E31D7AA77F5A605425190C5AE8FA5064 /* SelectorAlertController.swift */; };
		1E048CCA6D1D1B00892BB5A0D87A4D2E /* RowControllerType.swift in Sources */ = {isa = PBXBuildFile; fileRef = E76516FC2AD0727576893C4E06BFC7C3 /* RowControllerType.swift */; };
		205C36FBEAF46B5278F998984AE7AF18 /* LabelRow.swift in Sources */ = {isa = PBXBuildFile; fileRef = FF00088D06DF26CCA60D7F44D81B7437 /* LabelRow.swift */; };
		25740149FB6D4EE7E113A1FA47B73554 /* SelectableRowType.swift in Sources */ = {isa = PBXBuildFile; fileRef = FC47724FD908563846B6944ADA4F1035 /* SelectableRowType.swift */; };
		28D8448B496B314D91BAE0EE321646BE /* SelectableSection.swift in Sources */ = {isa = PBXBuildFile; fileRef = 9401FE0F4500DDCDF5DD64394E7BD74A /* SelectableSection.swift */; };
		298553E2ECB829B696DF592E6990249A /* HeaderFooterView.swift in Sources */ = {isa = PBXBuildFile; fileRef = 3245DB461C6A4B39951BD9FFC4F458E4 /* HeaderFooterView.swift */; };
		2B50D9CD8043A22034FF1C4C515DF283 /* Foundation.framework in Frameworks */ = {isa = PBXBuildFile; fileRef = EAB6F611E86A4758835A715E4B4184F6 /* Foundation.framework */; };
		2E35BA439FF3906792D64F465A358A13 /* TriplePickerInputRow.swift in Sources */ = {isa = PBXBuildFile; fileRef = 9C1C1C9B5AB5E4CC03C91D0732FC2816 /* TriplePickerInputRow.swift */; };
		2ECA780FC4691E846B5EB4919997A5F4 /* PickerInlineRow.swift in Sources */ = {isa = PBXBuildFile; fileRef = 961C2FCB94F934B614A96AA2870F2F8E /* PickerInlineRow.swift */; };
		31B0A34AA01CC0E71ECA6B7BA7D7EC88 /* AlertOptionsRow.swift in Sources */ = {isa = PBXBuildFile; fileRef = F231C49570A295414E34DEDC7DFFEAFD /* AlertOptionsRow.swift */; };
		3719CDB1B700C19AB04163DA75B09815 /* Core.swift in Sources */ = {isa = PBXBuildFile; fileRef = 20777EA6FA4CD8EAC8EE468B0F9EF4A3 /* Core.swift */; };
		3927F2677F09C815B6BC70E94023E335 /* UIKit.framework in Frameworks */ = {isa = PBXBuildFile; fileRef = D245E0514AAC1A2B9A6D5EA2F383E90F /* UIKit.framework */; };
		3A84D68B004228D5F71FC0FC889FFC07 /* RuleLength.swift in Sources */ = {isa = PBXBuildFile; fileRef = BE6B5CF2252931156E77B9431A9EBA0F /* RuleLength.swift */; };
		3AE49F9C5930DCD727D11A42EA89E640 /* FieldsRow.swift in Sources */ = {isa = PBXBuildFile; fileRef = E4F562FE0389F3EE4D7F7E1B6F244BE6 /* FieldsRow.swift */; };
		3AEA68431EF66EB90B4E3F1074CF8125 /* RuleEqualsToRow.swift in Sources */ = {isa = PBXBuildFile; fileRef = 6B017C1352EBCD3359A0668F99AA0F83 /* RuleEqualsToRow.swift */; };
		3CEB7EACBD4EB21B47517CC48A994655 /* RuleURL.swift in Sources */ = {isa = PBXBuildFile; fileRef = 0F4A0045FC0E530426B1C4D9F163098E /* RuleURL.swift */; };
		40E090A253097EFA55694770F19FEBAE /* CellType.swift in Sources */ = {isa = PBXBuildFile; fileRef = 8564FA52F4DC6DACE26CD6E219A49CDB /* CellType.swift */; };
		46A11B142CC018088902C05BA2707513 /* Validation.swift in Sources */ = {isa = PBXBuildFile; fileRef = 06FFF9B63C4C2327ADD9EA8F889C1D45 /* Validation.swift */; };
		4889C566B538BE9C98F084E685CB3C8E /* StepperRow.swift in Sources */ = {isa = PBXBuildFile; fileRef = 8E588D3BEB6128ECDF96810CF5784EB9 /* StepperRow.swift */; };
		4BADBE8D79E82E6BCA97708DB5E0623C /* RuleEmail.swift in Sources */ = {isa = PBXBuildFile; fileRef = E9162390A100741AACC5C89F95EE36B2 /* RuleEmail.swift */; };
		511FAADC2B1F8D90DDA2596275D1855C /* Foundation.framework in Frameworks */ = {isa = PBXBuildFile; fileRef = EAB6F611E86A4758835A715E4B4184F6 /* Foundation.framework */; };
		56E322CBEF2E9EA5777EC3846F888BDB /* PushRow.swift in Sources */ = {isa = PBXBuildFile; fileRef = A9D28F71FB32548A3B51B28AFAC146C6 /* PushRow.swift */; };
		57FB8912F3DEFA71CF0932D6338A2BF9 /* TextAreaRow.swift in Sources */ = {isa = PBXBuildFile; fileRef = 991608B0DE11BC8DA3BEFEFE9FE9A8F3 /* TextAreaRow.swift */; };
		5CF70EB49A6DE1B80886F0FD3F780522 /* MultipleSelectorViewController.swift in Sources */ = {isa = PBXBuildFile; fileRef = 16EC2C087BBAE0228DFAD257A5ABF757 /* MultipleSelectorViewController.swift */; };
		5DDCB215B020A3C11AAF9EA8766AD7D5 /* PresenterRowType.swift in Sources */ = {isa = PBXBuildFile; fileRef = 4E69C307EC89B763A6CD514CDE262C02 /* PresenterRowType.swift */; };
		6328C306E03099885C3EFCA798C9F5D1 /* Operators.swift in Sources */ = {isa = PBXBuildFile; fileRef = 221B89CDD986386CF01595F01EAB0254 /* Operators.swift */; };
		697D5116696270B7361C180573C495D3 /* AlertRow.swift in Sources */ = {isa = PBXBuildFile; fileRef = 597A51B461A1F2F60C6D5BA662C07377 /* AlertRow.swift */; };
		69B91E7FF91730260D4137B09C015636 /* Protocols.swift in Sources */ = {isa = PBXBuildFile; fileRef = 92449A651AD9398CF0C0ED289BEEBB17 /* Protocols.swift */; };
		6B905F2AC740B767D002FBB0CA795A7C /* RuleClosure.swift in Sources */ = {isa = PBXBuildFile; fileRef = 931F77CF09DF1D33788CEDA9B1CF6C3C /* RuleClosure.swift */; };
		6EC583C2F9CEC762B806A22700E9D800 /* CheckRow.swift in Sources */ = {isa = PBXBuildFile; fileRef = D18E5385FE2A34349907D3896297B477 /* CheckRow.swift */; };
		73780F56C4A6F73B569E3009F9AEF09F /* Helpers.swift in Sources */ = {isa = PBXBuildFile; fileRef = D35E87F8BA245EA6691BAB75E2B6A0A6 /* Helpers.swift */; };
		7B59CC19DE0A8FC37B7E78A578968DD4 /* PickerInputRow.swift in Sources */ = {isa = PBXBuildFile; fileRef = 157955A75E2D3B523269526E097CF662 /* PickerInputRow.swift */; };
		7BD16251FF2F7EA5F18AEACF5DE44C23 /* DateInlineFieldRow.swift in Sources */ = {isa = PBXBuildFile; fileRef = 7D9514026D7CD71F7A87D7C46385DF0F /* DateInlineFieldRow.swift */; };
		7F7B5556719352AD2C7A756587D348BB /* DatePickerRow.swift in Sources */ = {isa = PBXBuildFile; fileRef = 06AD637F8E1CF522D8F98A586E8732A2 /* DatePickerRow.swift */; };
		85E4382CCDC401B850F3038D3BF8CD89 /* Pods-Scoreboard-dummy.m in Sources */ = {isa = PBXBuildFile; fileRef = EDA349A513381BF1CDCB43A3C22EEC6F /* Pods-Scoreboard-dummy.m */; };
		869DB6D9A7692FDEC1FF5537C0413274 /* NavigationAccessoryView.swift in Sources */ = {isa = PBXBuildFile; fileRef = 2808AFCE830657DA3A2F9D767A8F2147 /* NavigationAccessoryView.swift */; };
		873FEA8F7A7D862C00A2335E311DEDC6 /* SegmentedRow.swift in Sources */ = {isa = PBXBuildFile; fileRef = 242FD5672991FD612E9947D2F2250AF1 /* SegmentedRow.swift */; };
		8F2CC08A2EA2A12CF906555985307D8A /* RuleRequired.swift in Sources */ = {isa = PBXBuildFile; fileRef = 0355FB4754CB921A5EFB64942F626A25 /* RuleRequired.swift */; };
		8FF92C53FAAAC2ED824C1E535C187424 /* SwipeActions.swift in Sources */ = {isa = PBXBuildFile; fileRef = 0DA0C61F44C4A333DE5186AC6608CD0E /* SwipeActions.swift */; };
		91B0EE8C7679DFFD7D0D27DC32BD07D3 /* RowProtocols.swift in Sources */ = {isa = PBXBuildFile; fileRef = 53652FEF881142A691AB3CD7C2AF51D8 /* RowProtocols.swift */; };
		95DEEE38D632C816737E8AB538428A50 /* SelectorRow.swift in Sources */ = {isa = PBXBuildFile; fileRef = 0C7441F61E053951DDF170440BD49D3D /* SelectorRow.swift */; };
		9760DCC9A11340DC2E74E00007F9D3DF /* Eureka-dummy.m in Sources */ = {isa = PBXBuildFile; fileRef = 91C23DA1BB1ADD370E225B030FF654D1 /* Eureka-dummy.m */; };
		995A8A4C2445BD86C2DC375B14394682 /* ListCheckRow.swift in Sources */ = {isa = PBXBuildFile; fileRef = 1D17519237455C013113344841031BCB /* ListCheckRow.swift */; };
		A2254B25181B13F76C598F0CF5A40FE7 /* RowType.swift in Sources */ = {isa = PBXBuildFile; fileRef = 3C7CB88A15CBBB5D390456854141FFDB /* RowType.swift */; };
		A3A234EA035289FD713D51AEAF1072C8 /* Form.swift in Sources */ = {isa = PBXBuildFile; fileRef = AE5B06FC1B8D1DC39DE315A40EE6E2A5 /* Form.swift */; };
		AF4BD9FB7CC229682ED2E26F7E6106A7 /* PopoverSelectorRow.swift in Sources */ = {isa = PBXBuildFile; fileRef = 99350297FE900C09FCED3BD40B29A0EA /* PopoverSelectorRow.swift */; };
		B24FAE4A9C6BD92AD64EE7859C2A9D9A /* MultipleSelectorRow.swift in Sources */ = {isa = PBXBuildFile; fileRef = E99C76C0B400E4D680BB00EA65BF61D1 /* MultipleSelectorRow.swift */; };
		B5E04676C82AC7C36204AB782DD780B9 /* SliderRow.swift in Sources */ = {isa = PBXBuildFile; fileRef = 00EDA9F5B037F0D2555AD7DB11F8CEBE /* SliderRow.swift */; };
		B88B7CAA00CEB3B5032091BFA45BD219 /* ButtonRowWithPresent.swift in Sources */ = {isa = PBXBuildFile; fileRef = C114D89A28EC0958D02C7FB095ADEB9C /* ButtonRowWithPresent.swift */; };
		C11DBC286F46067EFC0E4C15FF014CC6 /* RuleRegExp.swift in Sources */ = {isa = PBXBuildFile; fileRef = 1D25257EA207AA631EDBCE64FD24FAE8 /* RuleRegExp.swift */; };
		C241A011154907D4A4B377DB529E9C9D /* DoublePickerRow.swift in Sources */ = {isa = PBXBuildFile; fileRef = 03351256E3B37BC9F7EB169A96BC7D97 /* DoublePickerRow.swift */; };
		C6C91F0B055C43A0B6A6865AFDB7614E /* GenericMultipleSelectorRow.swift in Sources */ = {isa = PBXBuildFile; fileRef = 600285F5C2853F19AD204D48D3D64698 /* GenericMultipleSelectorRow.swift */; };
		C87A5CE74D4AF4B1180FA67B63CF7A5A /* ButtonRow.swift in Sources */ = {isa = PBXBuildFile; fileRef = 245EF03A090F7B9FD63D83BC661B9B66 /* ButtonRow.swift */; };
		C959E50620A9AF66A128EE6249CCD68C /* Row.swift in Sources */ = {isa = PBXBuildFile; fileRef = 3DD4D9220DE35C3558A9865B357611B5 /* Row.swift */; };
		CC70380478EE7E1E404437B6AA51BA33 /* SwitchRow.swift in Sources */ = {isa = PBXBuildFile; fileRef = F5A784F3D94AEE7EDD7D57E642D80173 /* SwitchRow.swift */; };
		CE0E20A3203F862A375294551E8B8862 /* FieldRow.swift in Sources */ = {isa = PBXBuildFile; fileRef = 7F6B2218E24F5580CB5258C8BE50DC11 /* FieldRow.swift */; };
		CF4332D8352284FA91A83CD4EF21DA8E /* PickerRow.swift in Sources */ = {isa = PBXBuildFile; fileRef = 94DAACB802E5B0CCA6D77EAEEF59FCA3 /* PickerRow.swift */; };
		D22FB0AF38A4FB41C149F5C606088E1E /* Cell.swift in Sources */ = {isa = PBXBuildFile; fileRef = 3A0DD06B2EED1E7A3390F40E50F9E682 /* Cell.swift */; };
		D7F2FB7E382C1C653590BF2870F77C8C /* TriplePickerRow.swift in Sources */ = {isa = PBXBuildFile; fileRef = 91642320B2512FBBC8A5231BCDF7EA99 /* TriplePickerRow.swift */; };
		D8DE47A06D3E4B45A6C42AF1DAA87CBE /* RuleRange.swift in Sources */ = {isa = PBXBuildFile; fileRef = E624DBEB996104950E796439C4C4ACE4 /* RuleRange.swift */; };
		D98E8FA7AB3231918519A8C6C5B998D7 /* Eureka-umbrella.h in Headers */ = {isa = PBXBuildFile; fileRef = 52C947DCBD4C9806CB0D061885992D62 /* Eureka-umbrella.h */; settings = {ATTRIBUTES = (Public, ); }; };
		DA4D5827D6BB320D51945616E0E2B2D6 /* Section.swift in Sources */ = {isa = PBXBuildFile; fileRef = 03F7C8A366CB7DC9EB773C7C78125140 /* Section.swift */; };
		DE4B79BCE7B62EDE666E1CE57D2CE1A7 /* Pods-ScoreboardTests-dummy.m in Sources */ = {isa = PBXBuildFile; fileRef = E6B6CF7AA99D4C8836F6709133A5EBE6 /* Pods-ScoreboardTests-dummy.m */; };
		E1770D334AAD9C153792021A44FD6CA2 /* DecimalFormatter.swift in Sources */ = {isa = PBXBuildFile; fileRef = 24EAE5A1A366F0A495950AD200A68326 /* DecimalFormatter.swift */; };
		E3D3815401288A32B309F2454204ABFA /* BaseRow.swift in Sources */ = {isa = PBXBuildFile; fileRef = 1242F19914C5181FC8CB9656A0090D09 /* BaseRow.swift */; };
		EA1F322A2BC1D842773115E8B60374CD /* DateInlineRow.swift in Sources */ = {isa = PBXBuildFile; fileRef = 64E600E506C09767CE9989CDA0A95149 /* DateInlineRow.swift */; };
		EEA5878C3C5A22697B2429EAE6DFFB2B /* SelectorViewController.swift in Sources */ = {isa = PBXBuildFile; fileRef = 939C371B33C8358F6F99580B96D2D234 /* SelectorViewController.swift */; };
		F2FF6C2BA26E1FBC0F603CCAA690E948 /* OptionsRow.swift in Sources */ = {isa = PBXBuildFile; fileRef = 8AC678E8793CAA24B07903F6162A5281 /* OptionsRow.swift */; };
		F364336C552955B98128F87389D7F7F6 /* DateFieldRow.swift in Sources */ = {isa = PBXBuildFile; fileRef = 41906B6C83AC668DE2D0CFB8AE874686 /* DateFieldRow.swift */; };
		FEBB964F0D174EF5001425DB6FA36B79 /* Foundation.framework in Frameworks */ = {isa = PBXBuildFile; fileRef = EAB6F611E86A4758835A715E4B4184F6 /* Foundation.framework */; };
		FED2CB679DC7B1B1B2BD216638927E37 /* Pods-Scoreboard-umbrella.h in Headers */ = {isa = PBXBuildFile; fileRef = 334B548B21FC449BA57407128A410057 /* Pods-Scoreboard-umbrella.h */; settings = {ATTRIBUTES = (Public, ); }; };
/* End PBXBuildFile section */

/* Begin PBXContainerItemProxy section */
		887C5C3BF0E12ACC6DE7126249A14D24 /* PBXContainerItemProxy */ = {
			isa = PBXContainerItemProxy;
			containerPortal = BFDFE7DC352907FC980B868725387E98 /* Project object */;
			proxyType = 1;
			remoteGlobalIDString = 20DA4A9681634094622FC328CE8C3511;
			remoteInfo = "Pods-Scoreboard";
		};
		ABD0AE0CF8408AECCA3591A0EDF670C5 /* PBXContainerItemProxy */ = {
			isa = PBXContainerItemProxy;
			containerPortal = BFDFE7DC352907FC980B868725387E98 /* Project object */;
			proxyType = 1;
			remoteGlobalIDString = 88BE8BE7A2FE6CED4193CCD8FF3CBEF7;
			remoteInfo = Eureka;
		};
/* End PBXContainerItemProxy section */

/* Begin PBXFileReference section */
		00EDA9F5B037F0D2555AD7DB11F8CEBE /* SliderRow.swift */ = {isa = PBXFileReference; includeInIndex = 1; lastKnownFileType = sourcecode.swift; name = SliderRow.swift; path = Source/Rows/SliderRow.swift; sourceTree = "<group>"; };
		03351256E3B37BC9F7EB169A96BC7D97 /* DoublePickerRow.swift */ = {isa = PBXFileReference; includeInIndex = 1; lastKnownFileType = sourcecode.swift; name = DoublePickerRow.swift; path = Source/Rows/DoublePickerRow.swift; sourceTree = "<group>"; };
		0355FB4754CB921A5EFB64942F626A25 /* RuleRequired.swift */ = {isa = PBXFileReference; includeInIndex = 1; lastKnownFileType = sourcecode.swift; name = RuleRequired.swift; path = Source/Validations/RuleRequired.swift; sourceTree = "<group>"; };
		03F7C8A366CB7DC9EB773C7C78125140 /* Section.swift */ = {isa = PBXFileReference; includeInIndex = 1; lastKnownFileType = sourcecode.swift; name = Section.swift; path = Source/Core/Section.swift; sourceTree = "<group>"; };
		0473C2D6B0725A73E11B4ABAAF68CC80 /* Eureka.modulemap */ = {isa = PBXFileReference; includeInIndex = 1; lastKnownFileType = sourcecode.module; path = Eureka.modulemap; sourceTree = "<group>"; };
		06AD637F8E1CF522D8F98A586E8732A2 /* DatePickerRow.swift */ = {isa = PBXFileReference; includeInIndex = 1; lastKnownFileType = sourcecode.swift; name = DatePickerRow.swift; path = Source/Rows/DatePickerRow.swift; sourceTree = "<group>"; };
		06FFF9B63C4C2327ADD9EA8F889C1D45 /* Validation.swift */ = {isa = PBXFileReference; includeInIndex = 1; lastKnownFileType = sourcecode.swift; name = Validation.swift; path = Source/Core/Validation.swift; sourceTree = "<group>"; };
		082977F3777A7D434AB35C357B487F83 /* Eureka */ = {isa = PBXFileReference; explicitFileType = wrapper.framework; includeInIndex = 0; name = Eureka; path = Eureka.framework; sourceTree = BUILT_PRODUCTS_DIR; };
		0C7441F61E053951DDF170440BD49D3D /* SelectorRow.swift */ = {isa = PBXFileReference; includeInIndex = 1; lastKnownFileType = sourcecode.swift; name = SelectorRow.swift; path = Source/Rows/Common/SelectorRow.swift; sourceTree = "<group>"; };
		0DA0C61F44C4A333DE5186AC6608CD0E /* SwipeActions.swift */ = {isa = PBXFileReference; includeInIndex = 1; lastKnownFileType = sourcecode.swift; name = SwipeActions.swift; path = Source/Core/SwipeActions.swift; sourceTree = "<group>"; };
		0F4A0045FC0E530426B1C4D9F163098E /* RuleURL.swift */ = {isa = PBXFileReference; includeInIndex = 1; lastKnownFileType = sourcecode.swift; name = RuleURL.swift; path = Source/Validations/RuleURL.swift; sourceTree = "<group>"; };
		1242F19914C5181FC8CB9656A0090D09 /* BaseRow.swift */ = {isa = PBXFileReference; includeInIndex = 1; lastKnownFileType = sourcecode.swift; name = BaseRow.swift; path = Source/Core/BaseRow.swift; sourceTree = "<group>"; };
		157955A75E2D3B523269526E097CF662 /* PickerInputRow.swift */ = {isa = PBXFileReference; includeInIndex = 1; lastKnownFileType = sourcecode.swift; name = PickerInputRow.swift; path = Source/Rows/PickerInputRow.swift; sourceTree = "<group>"; };
		16EC2C087BBAE0228DFAD257A5ABF757 /* MultipleSelectorViewController.swift */ = {isa = PBXFileReference; includeInIndex = 1; lastKnownFileType = sourcecode.swift; name = MultipleSelectorViewController.swift; path = Source/Rows/Controllers/MultipleSelectorViewController.swift; sourceTree = "<group>"; };
		18E1CE71EE1EC57F167700F025376BF0 /* Eureka-prefix.pch */ = {isa = PBXFileReference; includeInIndex = 1; lastKnownFileType = sourcecode.c.h; path = "Eureka-prefix.pch"; sourceTree = "<group>"; };
		1BBED1E5C07C78BB5D2EB92465A11CFD /* Pods-Scoreboard-Info.plist */ = {isa = PBXFileReference; includeInIndex = 1; lastKnownFileType = text.plist.xml; path = "Pods-Scoreboard-Info.plist"; sourceTree = "<group>"; };
		1C8A72395E0FFC05B62945EA3A4D4AA4 /* Pods-ScoreboardTests.release.xcconfig */ = {isa = PBXFileReference; includeInIndex = 1; lastKnownFileType = text.xcconfig; path = "Pods-ScoreboardTests.release.xcconfig"; sourceTree = "<group>"; };
		1D17519237455C013113344841031BCB /* ListCheckRow.swift */ = {isa = PBXFileReference; includeInIndex = 1; lastKnownFileType = sourcecode.swift; name = ListCheckRow.swift; path = Source/Rows/SelectableRows/ListCheckRow.swift; sourceTree = "<group>"; };
		1D25257EA207AA631EDBCE64FD24FAE8 /* RuleRegExp.swift */ = {isa = PBXFileReference; includeInIndex = 1; lastKnownFileType = sourcecode.swift; name = RuleRegExp.swift; path = Source/Validations/RuleRegExp.swift; sourceTree = "<group>"; };
		20777EA6FA4CD8EAC8EE468B0F9EF4A3 /* Core.swift */ = {isa = PBXFileReference; includeInIndex = 1; lastKnownFileType = sourcecode.swift; name = Core.swift; path = Source/Core/Core.swift; sourceTree = "<group>"; };
		221B89CDD986386CF01595F01EAB0254 /* Operators.swift */ = {isa = PBXFileReference; includeInIndex = 1; lastKnownFileType = sourcecode.swift; name = Operators.swift; path = Source/Core/Operators.swift; sourceTree = "<group>"; };
		242FD5672991FD612E9947D2F2250AF1 /* SegmentedRow.swift */ = {isa = PBXFileReference; includeInIndex = 1; lastKnownFileType = sourcecode.swift; name = SegmentedRow.swift; path = Source/Rows/SegmentedRow.swift; sourceTree = "<group>"; };
		245EF03A090F7B9FD63D83BC661B9B66 /* ButtonRow.swift */ = {isa = PBXFileReference; includeInIndex = 1; lastKnownFileType = sourcecode.swift; name = ButtonRow.swift; path = Source/Rows/ButtonRow.swift; sourceTree = "<group>"; };
		24EAE5A1A366F0A495950AD200A68326 /* DecimalFormatter.swift */ = {isa = PBXFileReference; includeInIndex = 1; lastKnownFileType = sourcecode.swift; name = DecimalFormatter.swift; path = Source/Rows/Common/DecimalFormatter.swift; sourceTree = "<group>"; };
		2808AFCE830657DA3A2F9D767A8F2147 /* NavigationAccessoryView.swift */ = {isa = PBXFileReference; includeInIndex = 1; lastKnownFileType = sourcecode.swift; name = NavigationAccessoryView.swift; path = Source/Core/NavigationAccessoryView.swift; sourceTree = "<group>"; };
		2A174E8C5667EEA93E0A9E5AD91A515B /* Pods-ScoreboardTests-umbrella.h */ = {isa = PBXFileReference; includeInIndex = 1; lastKnownFileType = sourcecode.c.h; path = "Pods-ScoreboardTests-umbrella.h"; sourceTree = "<group>"; };
		3245DB461C6A4B39951BD9FFC4F458E4 /* HeaderFooterView.swift */ = {isa = PBXFileReference; includeInIndex = 1; lastKnownFileType = sourcecode.swift; name = HeaderFooterView.swift; path = Source/Core/HeaderFooterView.swift; sourceTree = "<group>"; };
		334B548B21FC449BA57407128A410057 /* Pods-Scoreboard-umbrella.h */ = {isa = PBXFileReference; includeInIndex = 1; lastKnownFileType = sourcecode.c.h; path = "Pods-Scoreboard-umbrella.h"; sourceTree = "<group>"; };
		3A0DD06B2EED1E7A3390F40E50F9E682 /* Cell.swift */ = {isa = PBXFileReference; includeInIndex = 1; lastKnownFileType = sourcecode.swift; name = Cell.swift; path = Source/Core/Cell.swift; sourceTree = "<group>"; };
		3C7CB88A15CBBB5D390456854141FFDB /* RowType.swift */ = {isa = PBXFileReference; includeInIndex = 1; lastKnownFileType = sourcecode.swift; name = RowType.swift; path = Source/Core/RowType.swift; sourceTree = "<group>"; };
		3DD4D9220DE35C3558A9865B357611B5 /* Row.swift */ = {isa = PBXFileReference; includeInIndex = 1; lastKnownFileType = sourcecode.swift; name = Row.swift; path = Source/Core/Row.swift; sourceTree = "<group>"; };
		41906B6C83AC668DE2D0CFB8AE874686 /* DateFieldRow.swift */ = {isa = PBXFileReference; includeInIndex = 1; lastKnownFileType = sourcecode.swift; name = DateFieldRow.swift; path = Source/Rows/Common/DateFieldRow.swift; sourceTree = "<group>"; };
		41B3D0DADD29EFD1CAD6330F68F35570 /* Pods-ScoreboardTests */ = {isa = PBXFileReference; explicitFileType = wrapper.framework; includeInIndex = 0; name = "Pods-ScoreboardTests"; path = Pods_ScoreboardTests.framework; sourceTree = BUILT_PRODUCTS_DIR; };
		44F48E4569C627DE425F6871138EFD2F /* Eureka-Info.plist */ = {isa = PBXFileReference; includeInIndex = 1; lastKnownFileType = text.plist.xml; path = "Eureka-Info.plist"; sourceTree = "<group>"; };
		4E69C307EC89B763A6CD514CDE262C02 /* PresenterRowType.swift */ = {isa = PBXFileReference; includeInIndex = 1; lastKnownFileType = sourcecode.swift; name = PresenterRowType.swift; path = Source/Core/PresenterRowType.swift; sourceTree = "<group>"; };
		51DC2FC9416C67F36AFC5268D5C37146 /* InlineRowType.swift */ = {isa = PBXFileReference; includeInIndex = 1; lastKnownFileType = sourcecode.swift; name = InlineRowType.swift; path = Source/Core/InlineRowType.swift; sourceTree = "<group>"; };
		52C947DCBD4C9806CB0D061885992D62 /* Eureka-umbrella.h */ = {isa = PBXFileReference; includeInIndex = 1; lastKnownFileType = sourcecode.c.h; path = "Eureka-umbrella.h"; sourceTree = "<group>"; };
		53652FEF881142A691AB3CD7C2AF51D8 /* RowProtocols.swift */ = {isa = PBXFileReference; includeInIndex = 1; lastKnownFileType = sourcecode.swift; name = RowProtocols.swift; path = Source/Core/RowProtocols.swift; sourceTree = "<group>"; };
		58406A0ED96D2F344EA4400DEF7F9CEF /* Pods-ScoreboardTests-acknowledgements.markdown */ = {isa = PBXFileReference; includeInIndex = 1; lastKnownFileType = text; path = "Pods-ScoreboardTests-acknowledgements.markdown"; sourceTree = "<group>"; };
		597A51B461A1F2F60C6D5BA662C07377 /* AlertRow.swift */ = {isa = PBXFileReference; includeInIndex = 1; lastKnownFileType = sourcecode.swift; name = AlertRow.swift; path = Source/Rows/AlertRow.swift; sourceTree = "<group>"; };
		5B7274942CDE5F99A5A1D7461E020F2D /* Pods-Scoreboard-acknowledgements.plist */ = {isa = PBXFileReference; includeInIndex = 1; lastKnownFileType = text.plist.xml; path = "Pods-Scoreboard-acknowledgements.plist"; sourceTree = "<group>"; };
		5E3D72C2240EB8B1B7EC9D8908078D38 /* Pods-ScoreboardTests.debug.xcconfig */ = {isa = PBXFileReference; includeInIndex = 1; lastKnownFileType = text.xcconfig; path = "Pods-ScoreboardTests.debug.xcconfig"; sourceTree = "<group>"; };
		5E5065BF5D17BE7AD82D7A0B9FC1633B /* Pods-Scoreboard */ = {isa = PBXFileReference; explicitFileType = wrapper.framework; includeInIndex = 0; name = "Pods-Scoreboard"; path = Pods_Scoreboard.framework; sourceTree = BUILT_PRODUCTS_DIR; };
		600285F5C2853F19AD204D48D3D64698 /* GenericMultipleSelectorRow.swift */ = {isa = PBXFileReference; includeInIndex = 1; lastKnownFileType = sourcecode.swift; name = GenericMultipleSelectorRow.swift; path = Source/Rows/Common/GenericMultipleSelectorRow.swift; sourceTree = "<group>"; };
		64E600E506C09767CE9989CDA0A95149 /* DateInlineRow.swift */ = {isa = PBXFileReference; includeInIndex = 1; lastKnownFileType = sourcecode.swift; name = DateInlineRow.swift; path = Source/Rows/DateInlineRow.swift; sourceTree = "<group>"; };
		6B017C1352EBCD3359A0668F99AA0F83 /* RuleEqualsToRow.swift */ = {isa = PBXFileReference; includeInIndex = 1; lastKnownFileType = sourcecode.swift; name = RuleEqualsToRow.swift; path = Source/Validations/RuleEqualsToRow.swift; sourceTree = "<group>"; };
		6C5443F6CFDA5A11EA02A7AE35E2FB37 /* Pods-ScoreboardTests-frameworks.sh */ = {isa = PBXFileReference; includeInIndex = 1; lastKnownFileType = text.script.sh; path = "Pods-ScoreboardTests-frameworks.sh"; sourceTree = "<group>"; };
		6DEE37A9FF5F6D30EC4599EFD2BDAEF7 /* Pods-Scoreboard.debug.xcconfig */ = {isa = PBXFileReference; includeInIndex = 1; lastKnownFileType = text.xcconfig; path = "Pods-Scoreboard.debug.xcconfig"; sourceTree = "<group>"; };
		7915BEECEB519130150B59ADE011D2C9 /* Pods-Scoreboard.release.xcconfig */ = {isa = PBXFileReference; includeInIndex = 1; lastKnownFileType = text.xcconfig; path = "Pods-Scoreboard.release.xcconfig"; sourceTree = "<group>"; };
		7D9514026D7CD71F7A87D7C46385DF0F /* DateInlineFieldRow.swift */ = {isa = PBXFileReference; includeInIndex = 1; lastKnownFileType = sourcecode.swift; name = DateInlineFieldRow.swift; path = Source/Rows/Common/DateInlineFieldRow.swift; sourceTree = "<group>"; };
		7F6B2218E24F5580CB5258C8BE50DC11 /* FieldRow.swift */ = {isa = PBXFileReference; includeInIndex = 1; lastKnownFileType = sourcecode.swift; name = FieldRow.swift; path = Source/Rows/Common/FieldRow.swift; sourceTree = "<group>"; };
		81C80F68F04FE4ECF6CB81FE47C72863 /* DateRow.swift */ = {isa = PBXFileReference; includeInIndex = 1; lastKnownFileType = sourcecode.swift; name = DateRow.swift; path = Source/Rows/DateRow.swift; sourceTree = "<group>"; };
		8564FA52F4DC6DACE26CD6E219A49CDB /* CellType.swift */ = {isa = PBXFileReference; includeInIndex = 1; lastKnownFileType = sourcecode.swift; name = CellType.swift; path = Source/Core/CellType.swift; sourceTree = "<group>"; };
		8AC678E8793CAA24B07903F6162A5281 /* OptionsRow.swift */ = {isa = PBXFileReference; includeInIndex = 1; lastKnownFileType = sourcecode.swift; name = OptionsRow.swift; path = Source/Rows/Common/OptionsRow.swift; sourceTree = "<group>"; };
		8E588D3BEB6128ECDF96810CF5784EB9 /* StepperRow.swift */ = {isa = PBXFileReference; includeInIndex = 1; lastKnownFileType = sourcecode.swift; name = StepperRow.swift; path = Source/Rows/StepperRow.swift; sourceTree = "<group>"; };
		91642320B2512FBBC8A5231BCDF7EA99 /* TriplePickerRow.swift */ = {isa = PBXFileReference; includeInIndex = 1; lastKnownFileType = sourcecode.swift; name = TriplePickerRow.swift; path = Source/Rows/TriplePickerRow.swift; sourceTree = "<group>"; };
		91C23DA1BB1ADD370E225B030FF654D1 /* Eureka-dummy.m */ = {isa = PBXFileReference; includeInIndex = 1; lastKnownFileType = sourcecode.c.objc; path = "Eureka-dummy.m"; sourceTree = "<group>"; };
		9204CBF81C8CA7115F4183582DCBE285 /* Pods-ScoreboardTests.modulemap */ = {isa = PBXFileReference; includeInIndex = 1; lastKnownFileType = sourcecode.module; path = "Pods-ScoreboardTests.modulemap"; sourceTree = "<group>"; };
		92449A651AD9398CF0C0ED289BEEBB17 /* Protocols.swift */ = {isa = PBXFileReference; includeInIndex = 1; lastKnownFileType = sourcecode.swift; name = Protocols.swift; path = Source/Rows/Common/Protocols.swift; sourceTree = "<group>"; };
		931F77CF09DF1D33788CEDA9B1CF6C3C /* RuleClosure.swift */ = {isa = PBXFileReference; includeInIndex = 1; lastKnownFileType = sourcecode.swift; name = RuleClosure.swift; path = Source/Validations/RuleClosure.swift; sourceTree = "<group>"; };
		939C371B33C8358F6F99580B96D2D234 /* SelectorViewController.swift */ = {isa = PBXFileReference; includeInIndex = 1; lastKnownFileType = sourcecode.swift; name = SelectorViewController.swift; path = Source/Rows/Controllers/SelectorViewController.swift; sourceTree = "<group>"; };
		93C3BF59B6B62A822652203E7C4B5BBC /* Eureka.debug.xcconfig */ = {isa = PBXFileReference; includeInIndex = 1; lastKnownFileType = text.xcconfig; path = Eureka.debug.xcconfig; sourceTree = "<group>"; };
		9401FE0F4500DDCDF5DD64394E7BD74A /* SelectableSection.swift */ = {isa = PBXFileReference; includeInIndex = 1; lastKnownFileType = sourcecode.swift; name = SelectableSection.swift; path = Source/Core/SelectableSection.swift; sourceTree = "<group>"; };
		94B3B389CF6C2BB4F391A1A16FD0DA46 /* Eureka.release.xcconfig */ = {isa = PBXFileReference; includeInIndex = 1; lastKnownFileType = text.xcconfig; path = Eureka.release.xcconfig; sourceTree = "<group>"; };
		94DAACB802E5B0CCA6D77EAEEF59FCA3 /* PickerRow.swift */ = {isa = PBXFileReference; includeInIndex = 1; lastKnownFileType = sourcecode.swift; name = PickerRow.swift; path = Source/Rows/PickerRow.swift; sourceTree = "<group>"; };
		961C2FCB94F934B614A96AA2870F2F8E /* PickerInlineRow.swift */ = {isa = PBXFileReference; includeInIndex = 1; lastKnownFileType = sourcecode.swift; name = PickerInlineRow.swift; path = Source/Rows/PickerInlineRow.swift; sourceTree = "<group>"; };
		991608B0DE11BC8DA3BEFEFE9FE9A8F3 /* TextAreaRow.swift */ = {isa = PBXFileReference; includeInIndex = 1; lastKnownFileType = sourcecode.swift; name = TextAreaRow.swift; path = Source/Rows/TextAreaRow.swift; sourceTree = "<group>"; };
		99350297FE900C09FCED3BD40B29A0EA /* PopoverSelectorRow.swift */ = {isa = PBXFileReference; includeInIndex = 1; lastKnownFileType = sourcecode.swift; name = PopoverSelectorRow.swift; path = Source/Rows/PopoverSelectorRow.swift; sourceTree = "<group>"; };
		9C1C1C9B5AB5E4CC03C91D0732FC2816 /* TriplePickerInputRow.swift */ = {isa = PBXFileReference; includeInIndex = 1; lastKnownFileType = sourcecode.swift; name = TriplePickerInputRow.swift; path = Source/Rows/TriplePickerInputRow.swift; sourceTree = "<group>"; };
		9D940727FF8FB9C785EB98E56350EF41 /* Podfile */ = {isa = PBXFileReference; explicitFileType = text.script.ruby; includeInIndex = 1; indentWidth = 2; lastKnownFileType = text; name = Podfile; path = ../Podfile; sourceTree = SOURCE_ROOT; tabWidth = 2; xcLanguageSpecificationIdentifier = xcode.lang.ruby; };
		A8811A4F93B963630805133431CCC08D /* DoublePickerInputRow.swift */ = {isa = PBXFileReference; includeInIndex = 1; lastKnownFileType = sourcecode.swift; name = DoublePickerInputRow.swift; path = Source/Rows/DoublePickerInputRow.swift; sourceTree = "<group>"; };
		A9D28F71FB32548A3B51B28AFAC146C6 /* PushRow.swift */ = {isa = PBXFileReference; includeInIndex = 1; lastKnownFileType = sourcecode.swift; name = PushRow.swift; path = Source/Rows/PushRow.swift; sourceTree = "<group>"; };
		AE5B06FC1B8D1DC39DE315A40EE6E2A5 /* Form.swift */ = {isa = PBXFileReference; includeInIndex = 1; lastKnownFileType = sourcecode.swift; name = Form.swift; path = Source/Core/Form.swift; sourceTree = "<group>"; };
		BE6B5CF2252931156E77B9431A9EBA0F /* RuleLength.swift */ = {isa = PBXFileReference; includeInIndex = 1; lastKnownFileType = sourcecode.swift; name = RuleLength.swift; path = Source/Validations/RuleLength.swift; sourceTree = "<group>"; };
		C114D89A28EC0958D02C7FB095ADEB9C /* ButtonRowWithPresent.swift */ = {isa = PBXFileReference; includeInIndex = 1; lastKnownFileType = sourcecode.swift; name = ButtonRowWithPresent.swift; path = Source/Rows/ButtonRowWithPresent.swift; sourceTree = "<group>"; };
		D18E5385FE2A34349907D3896297B477 /* CheckRow.swift */ = {isa = PBXFileReference; includeInIndex = 1; lastKnownFileType = sourcecode.swift; name = CheckRow.swift; path = Source/Rows/CheckRow.swift; sourceTree = "<group>"; };
		D245E0514AAC1A2B9A6D5EA2F383E90F /* UIKit.framework */ = {isa = PBXFileReference; lastKnownFileType = wrapper.framework; name = UIKit.framework; path = Platforms/iPhoneOS.platform/Developer/SDKs/iPhoneOS14.0.sdk/System/Library/Frameworks/UIKit.framework; sourceTree = DEVELOPER_DIR; };
		D35E87F8BA245EA6691BAB75E2B6A0A6 /* Helpers.swift */ = {isa = PBXFileReference; includeInIndex = 1; lastKnownFileType = sourcecode.swift; name = Helpers.swift; path = Source/Core/Helpers.swift; sourceTree = "<group>"; };
		D445B9E88E2D51745BED60F5CB7EAF5A /* Pods-Scoreboard-acknowledgements.markdown */ = {isa = PBXFileReference; includeInIndex = 1; lastKnownFileType = text; path = "Pods-Scoreboard-acknowledgements.markdown"; sourceTree = "<group>"; };
		D6CA5C3F965942A2CA12B0FD2B406B04 /* Pods-ScoreboardTests-Info.plist */ = {isa = PBXFileReference; includeInIndex = 1; lastKnownFileType = text.plist.xml; path = "Pods-ScoreboardTests-Info.plist"; sourceTree = "<group>"; };
		E31D7AA77F5A605425190C5AE8FA5064 /* SelectorAlertController.swift */ = {isa = PBXFileReference; includeInIndex = 1; lastKnownFileType = sourcecode.swift; name = SelectorAlertController.swift; path = Source/Rows/Controllers/SelectorAlertController.swift; sourceTree = "<group>"; };
		E4F562FE0389F3EE4D7F7E1B6F244BE6 /* FieldsRow.swift */ = {isa = PBXFileReference; includeInIndex = 1; lastKnownFileType = sourcecode.swift; name = FieldsRow.swift; path = Source/Rows/FieldsRow.swift; sourceTree = "<group>"; };
		E624DBEB996104950E796439C4C4ACE4 /* RuleRange.swift */ = {isa = PBXFileReference; includeInIndex = 1; lastKnownFileType = sourcecode.swift; name = RuleRange.swift; path = Source/Validations/RuleRange.swift; sourceTree = "<group>"; };
		E6B6CF7AA99D4C8836F6709133A5EBE6 /* Pods-ScoreboardTests-dummy.m */ = {isa = PBXFileReference; includeInIndex = 1; lastKnownFileType = sourcecode.c.objc; path = "Pods-ScoreboardTests-dummy.m"; sourceTree = "<group>"; };
		E76516FC2AD0727576893C4E06BFC7C3 /* RowControllerType.swift */ = {isa = PBXFileReference; includeInIndex = 1; lastKnownFileType = sourcecode.swift; name = RowControllerType.swift; path = Source/Core/RowControllerType.swift; sourceTree = "<group>"; };
		E9162390A100741AACC5C89F95EE36B2 /* RuleEmail.swift */ = {isa = PBXFileReference; includeInIndex = 1; lastKnownFileType = sourcecode.swift; name = RuleEmail.swift; path = Source/Validations/RuleEmail.swift; sourceTree = "<group>"; };
		E99C76C0B400E4D680BB00EA65BF61D1 /* MultipleSelectorRow.swift */ = {isa = PBXFileReference; includeInIndex = 1; lastKnownFileType = sourcecode.swift; name = MultipleSelectorRow.swift; path = Source/Rows/MultipleSelectorRow.swift; sourceTree = "<group>"; };
		EAB6F611E86A4758835A715E4B4184F6 /* Foundation.framework */ = {isa = PBXFileReference; lastKnownFileType = wrapper.framework; name = Foundation.framework; path = Platforms/iPhoneOS.platform/Developer/SDKs/iPhoneOS14.0.sdk/System/Library/Frameworks/Foundation.framework; sourceTree = DEVELOPER_DIR; };
		ED2074D0A5FA2C2BDD164A16CA5C4D98 /* Pods-Scoreboard.modulemap */ = {isa = PBXFileReference; includeInIndex = 1; lastKnownFileType = sourcecode.module; path = "Pods-Scoreboard.modulemap"; sourceTree = "<group>"; };
		EDA349A513381BF1CDCB43A3C22EEC6F /* Pods-Scoreboard-dummy.m */ = {isa = PBXFileReference; includeInIndex = 1; lastKnownFileType = sourcecode.c.objc; path = "Pods-Scoreboard-dummy.m"; sourceTree = "<group>"; };
		F231C49570A295414E34DEDC7DFFEAFD /* AlertOptionsRow.swift */ = {isa = PBXFileReference; includeInIndex = 1; lastKnownFileType = sourcecode.swift; name = AlertOptionsRow.swift; path = Source/Rows/Common/AlertOptionsRow.swift; sourceTree = "<group>"; };
		F5A784F3D94AEE7EDD7D57E642D80173 /* SwitchRow.swift */ = {isa = PBXFileReference; includeInIndex = 1; lastKnownFileType = sourcecode.swift; name = SwitchRow.swift; path = Source/Rows/SwitchRow.swift; sourceTree = "<group>"; };
		F8E96899C4B7544E01A5C4F9DD2D4417 /* ActionSheetRow.swift */ = {isa = PBXFileReference; includeInIndex = 1; lastKnownFileType = sourcecode.swift; name = ActionSheetRow.swift; path = Source/Rows/ActionSheetRow.swift; sourceTree = "<group>"; };
		FBD31D1920F2F2118272F12955EF4074 /* Pods-ScoreboardTests-acknowledgements.plist */ = {isa = PBXFileReference; includeInIndex = 1; lastKnownFileType = text.plist.xml; path = "Pods-ScoreboardTests-acknowledgements.plist"; sourceTree = "<group>"; };
		FC47724FD908563846B6944ADA4F1035 /* SelectableRowType.swift */ = {isa = PBXFileReference; includeInIndex = 1; lastKnownFileType = sourcecode.swift; name = SelectableRowType.swift; path = Source/Core/SelectableRowType.swift; sourceTree = "<group>"; };
		FF00088D06DF26CCA60D7F44D81B7437 /* LabelRow.swift */ = {isa = PBXFileReference; includeInIndex = 1; lastKnownFileType = sourcecode.swift; name = LabelRow.swift; path = Source/Rows/LabelRow.swift; sourceTree = "<group>"; };
/* End PBXFileReference section */

/* Begin PBXFrameworksBuildPhase section */
		04298F5DEE9CFE9AD337DFE74F07F490 /* Frameworks */ = {
			isa = PBXFrameworksBuildPhase;
			buildActionMask = 2147483647;
			files = (
				FEBB964F0D174EF5001425DB6FA36B79 /* Foundation.framework in Frameworks */,
				3927F2677F09C815B6BC70E94023E335 /* UIKit.framework in Frameworks */,
			);
			runOnlyForDeploymentPostprocessing = 0;
		};
		3BF0865F097DD9BFCE11F50B9B1B6895 /* Frameworks */ = {
			isa = PBXFrameworksBuildPhase;
			buildActionMask = 2147483647;
			files = (
				511FAADC2B1F8D90DDA2596275D1855C /* Foundation.framework in Frameworks */,
			);
			runOnlyForDeploymentPostprocessing = 0;
		};
		562469BF9ECA2FD42EC8AB63C1EC114A /* Frameworks */ = {
			isa = PBXFrameworksBuildPhase;
			buildActionMask = 2147483647;
			files = (
				2B50D9CD8043A22034FF1C4C515DF283 /* Foundation.framework in Frameworks */,
			);
			runOnlyForDeploymentPostprocessing = 0;
		};
/* End PBXFrameworksBuildPhase section */

/* Begin PBXGroup section */
		01A0A8D9ABEF583C72EFAC9813E5ACBF /* Products */ = {
			isa = PBXGroup;
			children = (
				082977F3777A7D434AB35C357B487F83 /* Eureka */,
				5E5065BF5D17BE7AD82D7A0B9FC1633B /* Pods-Scoreboard */,
				41B3D0DADD29EFD1CAD6330F68F35570 /* Pods-ScoreboardTests */,
			);
			name = Products;
			sourceTree = "<group>";
		};
		09B09F9CA92C1D5526383A76232A4A66 /* Targets Support Files */ = {
			isa = PBXGroup;
			children = (
				F5AE04739FF3CBB17116DDED7AE543E9 /* Pods-Scoreboard */,
				11D360FDC47C5437A1256AEE285E4494 /* Pods-ScoreboardTests */,
			);
			name = "Targets Support Files";
			sourceTree = "<group>";
		};
		0E498C66BB9180E9D2C5D62B42EF153E /* Pods */ = {
			isa = PBXGroup;
			children = (
				74C091241870871571B301E4305B4076 /* Eureka */,
			);
			name = Pods;
			sourceTree = "<group>";
		};
		11D360FDC47C5437A1256AEE285E4494 /* Pods-ScoreboardTests */ = {
			isa = PBXGroup;
			children = (
				9204CBF81C8CA7115F4183582DCBE285 /* Pods-ScoreboardTests.modulemap */,
				58406A0ED96D2F344EA4400DEF7F9CEF /* Pods-ScoreboardTests-acknowledgements.markdown */,
				FBD31D1920F2F2118272F12955EF4074 /* Pods-ScoreboardTests-acknowledgements.plist */,
				E6B6CF7AA99D4C8836F6709133A5EBE6 /* Pods-ScoreboardTests-dummy.m */,
				6C5443F6CFDA5A11EA02A7AE35E2FB37 /* Pods-ScoreboardTests-frameworks.sh */,
				D6CA5C3F965942A2CA12B0FD2B406B04 /* Pods-ScoreboardTests-Info.plist */,
				2A174E8C5667EEA93E0A9E5AD91A515B /* Pods-ScoreboardTests-umbrella.h */,
				5E3D72C2240EB8B1B7EC9D8908078D38 /* Pods-ScoreboardTests.debug.xcconfig */,
				1C8A72395E0FFC05B62945EA3A4D4AA4 /* Pods-ScoreboardTests.release.xcconfig */,
			);
			name = "Pods-ScoreboardTests";
			path = "Target Support Files/Pods-ScoreboardTests";
			sourceTree = "<group>";
		};
		1628BF05B4CAFDCC3549A101F5A10A17 /* Frameworks */ = {
			isa = PBXGroup;
			children = (
				59DA5C1F72E1D5BABC43EACBA672C3BA /* iOS */,
			);
			name = Frameworks;
			sourceTree = "<group>";
		};
		59DA5C1F72E1D5BABC43EACBA672C3BA /* iOS */ = {
			isa = PBXGroup;
			children = (
				EAB6F611E86A4758835A715E4B4184F6 /* Foundation.framework */,
				D245E0514AAC1A2B9A6D5EA2F383E90F /* UIKit.framework */,
			);
			name = iOS;
			sourceTree = "<group>";
		};
		74C091241870871571B301E4305B4076 /* Eureka */ = {
			isa = PBXGroup;
			children = (
				F8E96899C4B7544E01A5C4F9DD2D4417 /* ActionSheetRow.swift */,
				F231C49570A295414E34DEDC7DFFEAFD /* AlertOptionsRow.swift */,
				597A51B461A1F2F60C6D5BA662C07377 /* AlertRow.swift */,
				1242F19914C5181FC8CB9656A0090D09 /* BaseRow.swift */,
				245EF03A090F7B9FD63D83BC661B9B66 /* ButtonRow.swift */,
				C114D89A28EC0958D02C7FB095ADEB9C /* ButtonRowWithPresent.swift */,
				3A0DD06B2EED1E7A3390F40E50F9E682 /* Cell.swift */,
				8564FA52F4DC6DACE26CD6E219A49CDB /* CellType.swift */,
				D18E5385FE2A34349907D3896297B477 /* CheckRow.swift */,
				20777EA6FA4CD8EAC8EE468B0F9EF4A3 /* Core.swift */,
				41906B6C83AC668DE2D0CFB8AE874686 /* DateFieldRow.swift */,
				7D9514026D7CD71F7A87D7C46385DF0F /* DateInlineFieldRow.swift */,
				64E600E506C09767CE9989CDA0A95149 /* DateInlineRow.swift */,
				06AD637F8E1CF522D8F98A586E8732A2 /* DatePickerRow.swift */,
				81C80F68F04FE4ECF6CB81FE47C72863 /* DateRow.swift */,
				24EAE5A1A366F0A495950AD200A68326 /* DecimalFormatter.swift */,
				A8811A4F93B963630805133431CCC08D /* DoublePickerInputRow.swift */,
				03351256E3B37BC9F7EB169A96BC7D97 /* DoublePickerRow.swift */,
				7F6B2218E24F5580CB5258C8BE50DC11 /* FieldRow.swift */,
				E4F562FE0389F3EE4D7F7E1B6F244BE6 /* FieldsRow.swift */,
				AE5B06FC1B8D1DC39DE315A40EE6E2A5 /* Form.swift */,
				600285F5C2853F19AD204D48D3D64698 /* GenericMultipleSelectorRow.swift */,
				3245DB461C6A4B39951BD9FFC4F458E4 /* HeaderFooterView.swift */,
				D35E87F8BA245EA6691BAB75E2B6A0A6 /* Helpers.swift */,
				51DC2FC9416C67F36AFC5268D5C37146 /* InlineRowType.swift */,
				FF00088D06DF26CCA60D7F44D81B7437 /* LabelRow.swift */,
				1D17519237455C013113344841031BCB /* ListCheckRow.swift */,
				E99C76C0B400E4D680BB00EA65BF61D1 /* MultipleSelectorRow.swift */,
				16EC2C087BBAE0228DFAD257A5ABF757 /* MultipleSelectorViewController.swift */,
				2808AFCE830657DA3A2F9D767A8F2147 /* NavigationAccessoryView.swift */,
				221B89CDD986386CF01595F01EAB0254 /* Operators.swift */,
				8AC678E8793CAA24B07903F6162A5281 /* OptionsRow.swift */,
				961C2FCB94F934B614A96AA2870F2F8E /* PickerInlineRow.swift */,
				157955A75E2D3B523269526E097CF662 /* PickerInputRow.swift */,
				94DAACB802E5B0CCA6D77EAEEF59FCA3 /* PickerRow.swift */,
				99350297FE900C09FCED3BD40B29A0EA /* PopoverSelectorRow.swift */,
				4E69C307EC89B763A6CD514CDE262C02 /* PresenterRowType.swift */,
				92449A651AD9398CF0C0ED289BEEBB17 /* Protocols.swift */,
				A9D28F71FB32548A3B51B28AFAC146C6 /* PushRow.swift */,
				3DD4D9220DE35C3558A9865B357611B5 /* Row.swift */,
				E76516FC2AD0727576893C4E06BFC7C3 /* RowControllerType.swift */,
				53652FEF881142A691AB3CD7C2AF51D8 /* RowProtocols.swift */,
				3C7CB88A15CBBB5D390456854141FFDB /* RowType.swift */,
				931F77CF09DF1D33788CEDA9B1CF6C3C /* RuleClosure.swift */,
				E9162390A100741AACC5C89F95EE36B2 /* RuleEmail.swift */,
				6B017C1352EBCD3359A0668F99AA0F83 /* RuleEqualsToRow.swift */,
				BE6B5CF2252931156E77B9431A9EBA0F /* RuleLength.swift */,
				E624DBEB996104950E796439C4C4ACE4 /* RuleRange.swift */,
				1D25257EA207AA631EDBCE64FD24FAE8 /* RuleRegExp.swift */,
				0355FB4754CB921A5EFB64942F626A25 /* RuleRequired.swift */,
				0F4A0045FC0E530426B1C4D9F163098E /* RuleURL.swift */,
				03F7C8A366CB7DC9EB773C7C78125140 /* Section.swift */,
				242FD5672991FD612E9947D2F2250AF1 /* SegmentedRow.swift */,
				FC47724FD908563846B6944ADA4F1035 /* SelectableRowType.swift */,
				9401FE0F4500DDCDF5DD64394E7BD74A /* SelectableSection.swift */,
				E31D7AA77F5A605425190C5AE8FA5064 /* SelectorAlertController.swift */,
				0C7441F61E053951DDF170440BD49D3D /* SelectorRow.swift */,
				939C371B33C8358F6F99580B96D2D234 /* SelectorViewController.swift */,
				00EDA9F5B037F0D2555AD7DB11F8CEBE /* SliderRow.swift */,
				8E588D3BEB6128ECDF96810CF5784EB9 /* StepperRow.swift */,
				0DA0C61F44C4A333DE5186AC6608CD0E /* SwipeActions.swift */,
				F5A784F3D94AEE7EDD7D57E642D80173 /* SwitchRow.swift */,
				991608B0DE11BC8DA3BEFEFE9FE9A8F3 /* TextAreaRow.swift */,
				9C1C1C9B5AB5E4CC03C91D0732FC2816 /* TriplePickerInputRow.swift */,
				91642320B2512FBBC8A5231BCDF7EA99 /* TriplePickerRow.swift */,
				06FFF9B63C4C2327ADD9EA8F889C1D45 /* Validation.swift */,
				A13A722ED190189AEA2744246E4A05B6 /* Support Files */,
			);
			name = Eureka;
			path = Eureka;
			sourceTree = "<group>";
		};
		A13A722ED190189AEA2744246E4A05B6 /* Support Files */ = {
			isa = PBXGroup;
			children = (
				0473C2D6B0725A73E11B4ABAAF68CC80 /* Eureka.modulemap */,
				91C23DA1BB1ADD370E225B030FF654D1 /* Eureka-dummy.m */,
				44F48E4569C627DE425F6871138EFD2F /* Eureka-Info.plist */,
				18E1CE71EE1EC57F167700F025376BF0 /* Eureka-prefix.pch */,
				52C947DCBD4C9806CB0D061885992D62 /* Eureka-umbrella.h */,
				93C3BF59B6B62A822652203E7C4B5BBC /* Eureka.debug.xcconfig */,
				94B3B389CF6C2BB4F391A1A16FD0DA46 /* Eureka.release.xcconfig */,
			);
			name = "Support Files";
			path = "../Target Support Files/Eureka";
			sourceTree = "<group>";
		};
		CF1408CF629C7361332E53B88F7BD30C = {
			isa = PBXGroup;
			children = (
				9D940727FF8FB9C785EB98E56350EF41 /* Podfile */,
				1628BF05B4CAFDCC3549A101F5A10A17 /* Frameworks */,
				0E498C66BB9180E9D2C5D62B42EF153E /* Pods */,
				01A0A8D9ABEF583C72EFAC9813E5ACBF /* Products */,
				09B09F9CA92C1D5526383A76232A4A66 /* Targets Support Files */,
			);
			sourceTree = "<group>";
		};
		F5AE04739FF3CBB17116DDED7AE543E9 /* Pods-Scoreboard */ = {
			isa = PBXGroup;
			children = (
				ED2074D0A5FA2C2BDD164A16CA5C4D98 /* Pods-Scoreboard.modulemap */,
				D445B9E88E2D51745BED60F5CB7EAF5A /* Pods-Scoreboard-acknowledgements.markdown */,
				5B7274942CDE5F99A5A1D7461E020F2D /* Pods-Scoreboard-acknowledgements.plist */,
				EDA349A513381BF1CDCB43A3C22EEC6F /* Pods-Scoreboard-dummy.m */,
				1BBED1E5C07C78BB5D2EB92465A11CFD /* Pods-Scoreboard-Info.plist */,
				334B548B21FC449BA57407128A410057 /* Pods-Scoreboard-umbrella.h */,
				6DEE37A9FF5F6D30EC4599EFD2BDAEF7 /* Pods-Scoreboard.debug.xcconfig */,
				7915BEECEB519130150B59ADE011D2C9 /* Pods-Scoreboard.release.xcconfig */,
			);
			name = "Pods-Scoreboard";
			path = "Target Support Files/Pods-Scoreboard";
			sourceTree = "<group>";
		};
/* End PBXGroup section */

/* Begin PBXHeadersBuildPhase section */
		27BB54D0D1A139BAF1862C715AABADD0 /* Headers */ = {
			isa = PBXHeadersBuildPhase;
			buildActionMask = 2147483647;
			files = (
				14319E9AFD0122D2A9C2335604AAE596 /* Pods-ScoreboardTests-umbrella.h in Headers */,
			);
			runOnlyForDeploymentPostprocessing = 0;
		};
		27FF107BE894F2270BA6E56FBEED3F40 /* Headers */ = {
			isa = PBXHeadersBuildPhase;
			buildActionMask = 2147483647;
			files = (
				D98E8FA7AB3231918519A8C6C5B998D7 /* Eureka-umbrella.h in Headers */,
			);
			runOnlyForDeploymentPostprocessing = 0;
		};
		47B06DF2A91C98A7EA7C4560DD781EAF /* Headers */ = {
			isa = PBXHeadersBuildPhase;
			buildActionMask = 2147483647;
			files = (
				FED2CB679DC7B1B1B2BD216638927E37 /* Pods-Scoreboard-umbrella.h in Headers */,
			);
			runOnlyForDeploymentPostprocessing = 0;
		};
/* End PBXHeadersBuildPhase section */

/* Begin PBXNativeTarget section */
		20DA4A9681634094622FC328CE8C3511 /* Pods-Scoreboard */ = {
			isa = PBXNativeTarget;
			buildConfigurationList = A00B0CC1EFD86EB387FCEC76023CB8C0 /* Build configuration list for PBXNativeTarget "Pods-Scoreboard" */;
			buildPhases = (
				47B06DF2A91C98A7EA7C4560DD781EAF /* Headers */,
				844809A7C3DCFB8CA02692F7A5B30C1E /* Sources */,
				3BF0865F097DD9BFCE11F50B9B1B6895 /* Frameworks */,
				F5DAA090F0A5F48318D067AB099F6CC3 /* Resources */,
			);
			buildRules = (
			);
			dependencies = (
			);
			name = "Pods-Scoreboard";
			productName = Pods_Scoreboard;
			productReference = 5E5065BF5D17BE7AD82D7A0B9FC1633B /* Pods-Scoreboard */;
			productType = "com.apple.product-type.framework";
		};
		592DE115570846198822FFC6D3AAFC28 /* Pods-ScoreboardTests */ = {
			isa = PBXNativeTarget;
			buildConfigurationList = A50D258A9683136521FC63EA92562944 /* Build configuration list for PBXNativeTarget "Pods-ScoreboardTests" */;
			buildPhases = (
				27BB54D0D1A139BAF1862C715AABADD0 /* Headers */,
				DB48F879ABBB82A22D0AF5CC93F91A04 /* Sources */,
				562469BF9ECA2FD42EC8AB63C1EC114A /* Frameworks */,
				9844091ABD3E8E6281A6530FCAD4CCA9 /* Resources */,
			);
			buildRules = (
			);
			dependencies = (
				CA806AFBCB93233EBCCADF9032E1131C /* PBXTargetDependency */,
				3C3FF2E7B118AE0A101C7B818E014067 /* PBXTargetDependency */,
			);
			name = "Pods-ScoreboardTests";
			productName = Pods_ScoreboardTests;
			productReference = 41B3D0DADD29EFD1CAD6330F68F35570 /* Pods-ScoreboardTests */;
			productType = "com.apple.product-type.framework";
		};
		88BE8BE7A2FE6CED4193CCD8FF3CBEF7 /* Eureka */ = {
			isa = PBXNativeTarget;
			buildConfigurationList = 2BD6078BBF4ADE85FF441A7911BD9F20 /* Build configuration list for PBXNativeTarget "Eureka" */;
			buildPhases = (
				27FF107BE894F2270BA6E56FBEED3F40 /* Headers */,
				0CE9B2A0F503C382EE4DD96A78D4C89A /* Sources */,
				04298F5DEE9CFE9AD337DFE74F07F490 /* Frameworks */,
				C47833098716CBD801DB087167BADD1B /* Resources */,
			);
			buildRules = (
			);
			dependencies = (
			);
			name = Eureka;
			productName = Eureka;
			productReference = 082977F3777A7D434AB35C357B487F83 /* Eureka */;
			productType = "com.apple.product-type.framework";
		};
/* End PBXNativeTarget section */

/* Begin PBXProject section */
		BFDFE7DC352907FC980B868725387E98 /* Project object */ = {
			isa = PBXProject;
			attributes = {
				LastSwiftUpdateCheck = 1300;
				LastUpgradeCheck = 1300;
			};
			buildConfigurationList = 4821239608C13582E20E6DA73FD5F1F9 /* Build configuration list for PBXProject "Pods" */;
			compatibilityVersion = "Xcode 14.0";
			developmentRegion = en;
			hasScannedForEncodings = 0;
			knownRegions = (
				Base,
				en,
			);
			mainGroup = CF1408CF629C7361332E53B88F7BD30C;
			productRefGroup = 01A0A8D9ABEF583C72EFAC9813E5ACBF /* Products */;
			projectDirPath = "";
			projectRoot = "";
			targets = (
				88BE8BE7A2FE6CED4193CCD8FF3CBEF7 /* Eureka */,
				20DA4A9681634094622FC328CE8C3511 /* Pods-Scoreboard */,
				592DE115570846198822FFC6D3AAFC28 /* Pods-ScoreboardTests */,
			);
		};
/* End PBXProject section */

/* Begin PBXResourcesBuildPhase section */
		9844091ABD3E8E6281A6530FCAD4CCA9 /* Resources */ = {
			isa = PBXResourcesBuildPhase;
			buildActionMask = 2147483647;
			files = (
			);
			runOnlyForDeploymentPostprocessing = 0;
		};
		C47833098716CBD801DB087167BADD1B /* Resources */ = {
			isa = PBXResourcesBuildPhase;
			buildActionMask = 2147483647;
			files = (
			);
			runOnlyForDeploymentPostprocessing = 0;
		};
		F5DAA090F0A5F48318D067AB099F6CC3 /* Resources */ = {
			isa = PBXResourcesBuildPhase;
			buildActionMask = 2147483647;
			files = (
			);
			runOnlyForDeploymentPostprocessing = 0;
		};
/* End PBXResourcesBuildPhase section */

/* Begin PBXSourcesBuildPhase section */
		0CE9B2A0F503C382EE4DD96A78D4C89A /* Sources */ = {
			isa = PBXSourcesBuildPhase;
			buildActionMask = 2147483647;
			files = (
				0568E4D0A08C598F5AE7DDDA0DD59923 /* ActionSheetRow.swift in Sources */,
				31B0A34AA01CC0E71ECA6B7BA7D7EC88 /* AlertOptionsRow.swift in Sources */,
				697D5116696270B7361C180573C495D3 /* AlertRow.swift in Sources */,
				E3D3815401288A32B309F2454204ABFA /* BaseRow.swift in Sources */,
				C87A5CE74D4AF4B1180FA67B63CF7A5A /* ButtonRow.swift in Sources */,
				B88B7CAA00CEB3B5032091BFA45BD219 /* ButtonRowWithPresent.swift in Sources */,
				D22FB0AF38A4FB41C149F5C606088E1E /* Cell.swift in Sources */,
				40E090A253097EFA55694770F19FEBAE /* CellType.swift in Sources */,
				6EC583C2F9CEC762B806A22700E9D800 /* CheckRow.swift in Sources */,
				3719CDB1B700C19AB04163DA75B09815 /* Core.swift in Sources */,
				F364336C552955B98128F87389D7F7F6 /* DateFieldRow.swift in Sources */,
				7BD16251FF2F7EA5F18AEACF5DE44C23 /* DateInlineFieldRow.swift in Sources */,
				EA1F322A2BC1D842773115E8B60374CD /* DateInlineRow.swift in Sources */,
				7F7B5556719352AD2C7A756587D348BB /* DatePickerRow.swift in Sources */,
				008E02A88C10E3688B4431BFD393F0BE /* DateRow.swift in Sources */,
				E1770D334AAD9C153792021A44FD6CA2 /* DecimalFormatter.swift in Sources */,
				0FC606DB282EDA95D6DA95289AA85C61 /* DoublePickerInputRow.swift in Sources */,
				C241A011154907D4A4B377DB529E9C9D /* DoublePickerRow.swift in Sources */,
				9760DCC9A11340DC2E74E00007F9D3DF /* Eureka-dummy.m in Sources */,
				CE0E20A3203F862A375294551E8B8862 /* FieldRow.swift in Sources */,
				3AE49F9C5930DCD727D11A42EA89E640 /* FieldsRow.swift in Sources */,
				A3A234EA035289FD713D51AEAF1072C8 /* Form.swift in Sources */,
				C6C91F0B055C43A0B6A6865AFDB7614E /* GenericMultipleSelectorRow.swift in Sources */,
				298553E2ECB829B696DF592E6990249A /* HeaderFooterView.swift in Sources */,
				73780F56C4A6F73B569E3009F9AEF09F /* Helpers.swift in Sources */,
				05E063B80D84B40AEEDC7DC5797FA3FD /* InlineRowType.swift in Sources */,
				205C36FBEAF46B5278F998984AE7AF18 /* LabelRow.swift in Sources */,
				995A8A4C2445BD86C2DC375B14394682 /* ListCheckRow.swift in Sources */,
				B24FAE4A9C6BD92AD64EE7859C2A9D9A /* MultipleSelectorRow.swift in Sources */,
				5CF70EB49A6DE1B80886F0FD3F780522 /* MultipleSelectorViewController.swift in Sources */,
				869DB6D9A7692FDEC1FF5537C0413274 /* NavigationAccessoryView.swift in Sources */,
				6328C306E03099885C3EFCA798C9F5D1 /* Operators.swift in Sources */,
				F2FF6C2BA26E1FBC0F603CCAA690E948 /* OptionsRow.swift in Sources */,
				2ECA780FC4691E846B5EB4919997A5F4 /* PickerInlineRow.swift in Sources */,
				7B59CC19DE0A8FC37B7E78A578968DD4 /* PickerInputRow.swift in Sources */,
				CF4332D8352284FA91A83CD4EF21DA8E /* PickerRow.swift in Sources */,
				AF4BD9FB7CC229682ED2E26F7E6106A7 /* PopoverSelectorRow.swift in Sources */,
				5DDCB215B020A3C11AAF9EA8766AD7D5 /* PresenterRowType.swift in Sources */,
				69B91E7FF91730260D4137B09C015636 /* Protocols.swift in Sources */,
				56E322CBEF2E9EA5777EC3846F888BDB /* PushRow.swift in Sources */,
				C959E50620A9AF66A128EE6249CCD68C /* Row.swift in Sources */,
				1E048CCA6D1D1B00892BB5A0D87A4D2E /* RowControllerType.swift in Sources */,
				91B0EE8C7679DFFD7D0D27DC32BD07D3 /* RowProtocols.swift in Sources */,
				A2254B25181B13F76C598F0CF5A40FE7 /* RowType.swift in Sources */,
				6B905F2AC740B767D002FBB0CA795A7C /* RuleClosure.swift in Sources */,
				4BADBE8D79E82E6BCA97708DB5E0623C /* RuleEmail.swift in Sources */,
				3AEA68431EF66EB90B4E3F1074CF8125 /* RuleEqualsToRow.swift in Sources */,
				3A84D68B004228D5F71FC0FC889FFC07 /* RuleLength.swift in Sources */,
				D8DE47A06D3E4B45A6C42AF1DAA87CBE /* RuleRange.swift in Sources */,
				C11DBC286F46067EFC0E4C15FF014CC6 /* RuleRegExp.swift in Sources */,
				8F2CC08A2EA2A12CF906555985307D8A /* RuleRequired.swift in Sources */,
				3CEB7EACBD4EB21B47517CC48A994655 /* RuleURL.swift in Sources */,
				DA4D5827D6BB320D51945616E0E2B2D6 /* Section.swift in Sources */,
				873FEA8F7A7D862C00A2335E311DEDC6 /* SegmentedRow.swift in Sources */,
				25740149FB6D4EE7E113A1FA47B73554 /* SelectableRowType.swift in Sources */,
				28D8448B496B314D91BAE0EE321646BE /* SelectableSection.swift in Sources */,
				184CBCE994131F7140410E0B17E94ADE /* SelectorAlertController.swift in Sources */,
				95DEEE38D632C816737E8AB538428A50 /* SelectorRow.swift in Sources */,
				EEA5878C3C5A22697B2429EAE6DFFB2B /* SelectorViewController.swift in Sources */,
				B5E04676C82AC7C36204AB782DD780B9 /* SliderRow.swift in Sources */,
				4889C566B538BE9C98F084E685CB3C8E /* StepperRow.swift in Sources */,
				8FF92C53FAAAC2ED824C1E535C187424 /* SwipeActions.swift in Sources */,
				CC70380478EE7E1E404437B6AA51BA33 /* SwitchRow.swift in Sources */,
				57FB8912F3DEFA71CF0932D6338A2BF9 /* TextAreaRow.swift in Sources */,
				2E35BA439FF3906792D64F465A358A13 /* TriplePickerInputRow.swift in Sources */,
				D7F2FB7E382C1C653590BF2870F77C8C /* TriplePickerRow.swift in Sources */,
				46A11B142CC018088902C05BA2707513 /* Validation.swift in Sources */,
			);
			runOnlyForDeploymentPostprocessing = 0;
		};
		844809A7C3DCFB8CA02692F7A5B30C1E /* Sources */ = {
			isa = PBXSourcesBuildPhase;
			buildActionMask = 2147483647;
			files = (
				85E4382CCDC401B850F3038D3BF8CD89 /* Pods-Scoreboard-dummy.m in Sources */,
			);
			runOnlyForDeploymentPostprocessing = 0;
		};
		DB48F879ABBB82A22D0AF5CC93F91A04 /* Sources */ = {
			isa = PBXSourcesBuildPhase;
			buildActionMask = 2147483647;
			files = (
				DE4B79BCE7B62EDE666E1CE57D2CE1A7 /* Pods-ScoreboardTests-dummy.m in Sources */,
			);
			runOnlyForDeploymentPostprocessing = 0;
		};
/* End PBXSourcesBuildPhase section */

/* Begin PBXTargetDependency section */
		3C3FF2E7B118AE0A101C7B818E014067 /* PBXTargetDependency */ = {
			isa = PBXTargetDependency;
			name = "Pods-Scoreboard";
			target = 20DA4A9681634094622FC328CE8C3511 /* Pods-Scoreboard */;
			targetProxy = 887C5C3BF0E12ACC6DE7126249A14D24 /* PBXContainerItemProxy */;
		};
		CA806AFBCB93233EBCCADF9032E1131C /* PBXTargetDependency */ = {
			isa = PBXTargetDependency;
			name = Eureka;
			target = 88BE8BE7A2FE6CED4193CCD8FF3CBEF7 /* Eureka */;
			targetProxy = ABD0AE0CF8408AECCA3591A0EDF670C5 /* PBXContainerItemProxy */;
		};
/* End PBXTargetDependency section */

/* Begin XCBuildConfiguration section */
		0ED438E6BCC002EA4E0737F050755A72 /* Release */ = {
			isa = XCBuildConfiguration;
			baseConfigurationReference = 1C8A72395E0FFC05B62945EA3A4D4AA4 /* Pods-ScoreboardTests.release.xcconfig */;
			buildSettings = {
				ALWAYS_EMBED_SWIFT_STANDARD_LIBRARIES = NO;
				CLANG_ENABLE_OBJC_WEAK = NO;
				"CODE_SIGN_IDENTITY[sdk=appletvos*]" = "";
				"CODE_SIGN_IDENTITY[sdk=iphoneos*]" = "";
				"CODE_SIGN_IDENTITY[sdk=watchos*]" = "";
				CURRENT_PROJECT_VERSION = 1;
				DEFINES_MODULE = YES;
				DYLIB_COMPATIBILITY_VERSION = 1;
				DYLIB_CURRENT_VERSION = 1;
				DYLIB_INSTALL_NAME_BASE = "@rpath";
				INFOPLIST_FILE = "Target Support Files/Pods-ScoreboardTests/Pods-ScoreboardTests-Info.plist";
				INSTALL_PATH = "$(LOCAL_LIBRARY_DIR)/Frameworks";
				IPHONEOS_DEPLOYMENT_TARGET = 16.1;
				LD_RUNPATH_SEARCH_PATHS = (
					"$(inherited)",
					"@executable_path/Frameworks",
					"@loader_path/Frameworks",
				);
				MACH_O_TYPE = staticlib;
				MODULEMAP_FILE = "Target Support Files/Pods-ScoreboardTests/Pods-ScoreboardTests.modulemap";
				OTHER_LDFLAGS = "";
				OTHER_LIBTOOLFLAGS = "";
				PODS_ROOT = "$(SRCROOT)";
				PRODUCT_BUNDLE_IDENTIFIER = "org.cocoapods.${PRODUCT_NAME:rfc1034identifier}";
				PRODUCT_NAME = "$(TARGET_NAME:c99extidentifier)";
				SDKROOT = iphoneos;
				SKIP_INSTALL = YES;
				TARGETED_DEVICE_FAMILY = "1,2";
				VALIDATE_PRODUCT = YES;
				VERSIONING_SYSTEM = "apple-generic";
				VERSION_INFO_PREFIX = "";
			};
			name = Release;
		};
		45285987FDC204B9DB7C0228892D4B3E /* Debug */ = {
			isa = XCBuildConfiguration;
			buildSettings = {
				ALWAYS_SEARCH_USER_PATHS = NO;
				CLANG_ANALYZER_LOCALIZABILITY_NONLOCALIZED = YES;
				CLANG_ANALYZER_NONNULL = YES;
				CLANG_ANALYZER_NUMBER_OBJECT_CONVERSION = YES_AGGRESSIVE;
				CLANG_CXX_LANGUAGE_STANDARD = "gnu++14";
				CLANG_CXX_LIBRARY = "libc++";
				CLANG_ENABLE_MODULES = YES;
				CLANG_ENABLE_OBJC_ARC = YES;
				CLANG_ENABLE_OBJC_WEAK = YES;
				CLANG_WARN_BLOCK_CAPTURE_AUTORELEASING = YES;
				CLANG_WARN_BOOL_CONVERSION = YES;
				CLANG_WARN_COMMA = YES;
				CLANG_WARN_CONSTANT_CONVERSION = YES;
				CLANG_WARN_DEPRECATED_OBJC_IMPLEMENTATIONS = YES;
				CLANG_WARN_DIRECT_OBJC_ISA_USAGE = YES_ERROR;
				CLANG_WARN_DOCUMENTATION_COMMENTS = YES;
				CLANG_WARN_EMPTY_BODY = YES;
				CLANG_WARN_ENUM_CONVERSION = YES;
				CLANG_WARN_INFINITE_RECURSION = YES;
				CLANG_WARN_INT_CONVERSION = YES;
				CLANG_WARN_NON_LITERAL_NULL_CONVERSION = YES;
				CLANG_WARN_OBJC_IMPLICIT_RETAIN_SELF = YES;
				CLANG_WARN_OBJC_LITERAL_CONVERSION = YES;
				CLANG_WARN_OBJC_ROOT_CLASS = YES_ERROR;
				CLANG_WARN_QUOTED_INCLUDE_IN_FRAMEWORK_HEADER = YES;
				CLANG_WARN_RANGE_LOOP_ANALYSIS = YES;
				CLANG_WARN_STRICT_PROTOTYPES = YES;
				CLANG_WARN_SUSPICIOUS_MOVE = YES;
				CLANG_WARN_UNGUARDED_AVAILABILITY = YES_AGGRESSIVE;
				CLANG_WARN_UNREACHABLE_CODE = YES;
				CLANG_WARN__DUPLICATE_METHOD_MATCH = YES;
				COPY_PHASE_STRIP = NO;
				DEBUG_INFORMATION_FORMAT = dwarf;
				ENABLE_STRICT_OBJC_MSGSEND = YES;
				ENABLE_TESTABILITY = YES;
				GCC_C_LANGUAGE_STANDARD = gnu11;
				GCC_DYNAMIC_NO_PIC = NO;
				GCC_NO_COMMON_BLOCKS = YES;
				GCC_OPTIMIZATION_LEVEL = 0;
				GCC_PREPROCESSOR_DEFINITIONS = (
					"POD_CONFIGURATION_DEBUG=1",
					"DEBUG=1",
					"$(inherited)",
				);
				GCC_WARN_64_TO_32_BIT_CONVERSION = YES;
				GCC_WARN_ABOUT_RETURN_TYPE = YES_ERROR;
				GCC_WARN_UNDECLARED_SELECTOR = YES;
				GCC_WARN_UNINITIALIZED_AUTOS = YES_AGGRESSIVE;
				GCC_WARN_UNUSED_FUNCTION = YES;
				GCC_WARN_UNUSED_VARIABLE = YES;
				IPHONEOS_DEPLOYMENT_TARGET = 16.1;
				MTL_ENABLE_DEBUG_INFO = INCLUDE_SOURCE;
				MTL_FAST_MATH = YES;
				ONLY_ACTIVE_ARCH = YES;
				PRODUCT_NAME = "$(TARGET_NAME)";
				STRIP_INSTALLED_PRODUCT = NO;
				SWIFT_ACTIVE_COMPILATION_CONDITIONS = DEBUG;
				SWIFT_OPTIMIZATION_LEVEL = "-Onone";
				SWIFT_VERSION = 5.0;
				SYMROOT = "${SRCROOT}/../build";
			};
			name = Debug;
		};
		6AF9D8D0B4F4FA4695A8EEF773CD3FBC /* Release */ = {
			isa = XCBuildConfiguration;
			buildSettings = {
				ALWAYS_SEARCH_USER_PATHS = NO;
				CLANG_ANALYZER_LOCALIZABILITY_NONLOCALIZED = YES;
				CLANG_ANALYZER_NONNULL = YES;
				CLANG_ANALYZER_NUMBER_OBJECT_CONVERSION = YES_AGGRESSIVE;
				CLANG_CXX_LANGUAGE_STANDARD = "gnu++14";
				CLANG_CXX_LIBRARY = "libc++";
				CLANG_ENABLE_MODULES = YES;
				CLANG_ENABLE_OBJC_ARC = YES;
				CLANG_ENABLE_OBJC_WEAK = YES;
				CLANG_WARN_BLOCK_CAPTURE_AUTORELEASING = YES;
				CLANG_WARN_BOOL_CONVERSION = YES;
				CLANG_WARN_COMMA = YES;
				CLANG_WARN_CONSTANT_CONVERSION = YES;
				CLANG_WARN_DEPRECATED_OBJC_IMPLEMENTATIONS = YES;
				CLANG_WARN_DIRECT_OBJC_ISA_USAGE = YES_ERROR;
				CLANG_WARN_DOCUMENTATION_COMMENTS = YES;
				CLANG_WARN_EMPTY_BODY = YES;
				CLANG_WARN_ENUM_CONVERSION = YES;
				CLANG_WARN_INFINITE_RECURSION = YES;
				CLANG_WARN_INT_CONVERSION = YES;
				CLANG_WARN_NON_LITERAL_NULL_CONVERSION = YES;
				CLANG_WARN_OBJC_IMPLICIT_RETAIN_SELF = YES;
				CLANG_WARN_OBJC_LITERAL_CONVERSION = YES;
				CLANG_WARN_OBJC_ROOT_CLASS = YES_ERROR;
				CLANG_WARN_QUOTED_INCLUDE_IN_FRAMEWORK_HEADER = YES;
				CLANG_WARN_RANGE_LOOP_ANALYSIS = YES;
				CLANG_WARN_STRICT_PROTOTYPES = YES;
				CLANG_WARN_SUSPICIOUS_MOVE = YES;
				CLANG_WARN_UNGUARDED_AVAILABILITY = YES_AGGRESSIVE;
				CLANG_WARN_UNREACHABLE_CODE = YES;
				CLANG_WARN__DUPLICATE_METHOD_MATCH = YES;
				COPY_PHASE_STRIP = NO;
				DEBUG_INFORMATION_FORMAT = "dwarf-with-dsym";
				ENABLE_NS_ASSERTIONS = NO;
				ENABLE_STRICT_OBJC_MSGSEND = YES;
				GCC_C_LANGUAGE_STANDARD = gnu11;
				GCC_NO_COMMON_BLOCKS = YES;
				GCC_PREPROCESSOR_DEFINITIONS = (
					"POD_CONFIGURATION_RELEASE=1",
					"$(inherited)",
				);
				GCC_WARN_64_TO_32_BIT_CONVERSION = YES;
				GCC_WARN_ABOUT_RETURN_TYPE = YES_ERROR;
				GCC_WARN_UNDECLARED_SELECTOR = YES;
				GCC_WARN_UNINITIALIZED_AUTOS = YES_AGGRESSIVE;
				GCC_WARN_UNUSED_FUNCTION = YES;
				GCC_WARN_UNUSED_VARIABLE = YES;
				IPHONEOS_DEPLOYMENT_TARGET = 16.1;
				MTL_ENABLE_DEBUG_INFO = NO;
				MTL_FAST_MATH = YES;
				PRODUCT_NAME = "$(TARGET_NAME)";
				STRIP_INSTALLED_PRODUCT = NO;
				SWIFT_COMPILATION_MODE = wholemodule;
				SWIFT_OPTIMIZATION_LEVEL = "-O";
				SWIFT_VERSION = 5.0;
				SYMROOT = "${SRCROOT}/../build";
			};
			name = Release;
		};
		805065C2AC310B6D03D554FBB9ED9495 /* Debug */ = {
			isa = XCBuildConfiguration;
			baseConfigurationReference = 5E3D72C2240EB8B1B7EC9D8908078D38 /* Pods-ScoreboardTests.debug.xcconfig */;
			buildSettings = {
				ALWAYS_EMBED_SWIFT_STANDARD_LIBRARIES = NO;
				CLANG_ENABLE_OBJC_WEAK = NO;
				"CODE_SIGN_IDENTITY[sdk=appletvos*]" = "";
				"CODE_SIGN_IDENTITY[sdk=iphoneos*]" = "";
				"CODE_SIGN_IDENTITY[sdk=watchos*]" = "";
				CURRENT_PROJECT_VERSION = 1;
				DEFINES_MODULE = YES;
				DYLIB_COMPATIBILITY_VERSION = 1;
				DYLIB_CURRENT_VERSION = 1;
				DYLIB_INSTALL_NAME_BASE = "@rpath";
				INFOPLIST_FILE = "Target Support Files/Pods-ScoreboardTests/Pods-ScoreboardTests-Info.plist";
				INSTALL_PATH = "$(LOCAL_LIBRARY_DIR)/Frameworks";
				IPHONEOS_DEPLOYMENT_TARGET = 16.1;
				LD_RUNPATH_SEARCH_PATHS = (
					"$(inherited)",
					"@executable_path/Frameworks",
					"@loader_path/Frameworks",
				);
				MACH_O_TYPE = staticlib;
				MODULEMAP_FILE = "Target Support Files/Pods-ScoreboardTests/Pods-ScoreboardTests.modulemap";
				OTHER_LDFLAGS = "";
				OTHER_LIBTOOLFLAGS = "";
				PODS_ROOT = "$(SRCROOT)";
				PRODUCT_BUNDLE_IDENTIFIER = "org.cocoapods.${PRODUCT_NAME:rfc1034identifier}";
				PRODUCT_NAME = "$(TARGET_NAME:c99extidentifier)";
				SDKROOT = iphoneos;
				SKIP_INSTALL = YES;
				TARGETED_DEVICE_FAMILY = "1,2";
				VERSIONING_SYSTEM = "apple-generic";
				VERSION_INFO_PREFIX = "";
			};
			name = Debug;
		};
		AE59D8F42374C7745ABF1A1848E33758 /* Debug */ = {
			isa = XCBuildConfiguration;
			baseConfigurationReference = 93C3BF59B6B62A822652203E7C4B5BBC /* Eureka.debug.xcconfig */;
			buildSettings = {
				"CODE_SIGN_IDENTITY[sdk=appletvos*]" = "";
				"CODE_SIGN_IDENTITY[sdk=iphoneos*]" = "";
				"CODE_SIGN_IDENTITY[sdk=watchos*]" = "";
				CURRENT_PROJECT_VERSION = 1;
				DEFINES_MODULE = YES;
				DYLIB_COMPATIBILITY_VERSION = 1;
				DYLIB_CURRENT_VERSION = 1;
				DYLIB_INSTALL_NAME_BASE = "@rpath";
				GCC_PREFIX_HEADER = "Target Support Files/Eureka/Eureka-prefix.pch";
				INFOPLIST_FILE = "Target Support Files/Eureka/Eureka-Info.plist";
				INSTALL_PATH = "$(LOCAL_LIBRARY_DIR)/Frameworks";
				IPHONEOS_DEPLOYMENT_TARGET = 9.0;
				LD_RUNPATH_SEARCH_PATHS = (
					"$(inherited)",
					"@executable_path/Frameworks",
					"@loader_path/Frameworks",
				);
				MODULEMAP_FILE = "Target Support Files/Eureka/Eureka.modulemap";
				PRODUCT_MODULE_NAME = Eureka;
				PRODUCT_NAME = Eureka;
				SDKROOT = iphoneos;
				SKIP_INSTALL = YES;
				SWIFT_ACTIVE_COMPILATION_CONDITIONS = "$(inherited) ";
				SWIFT_VERSION = 5.0;
				TARGETED_DEVICE_FAMILY = "1,2";
				VERSIONING_SYSTEM = "apple-generic";
				VERSION_INFO_PREFIX = "";
			};
			name = Debug;
		};
		B80681A531935D9DE534B8F4A42604B0 /* Debug */ = {
			isa = XCBuildConfiguration;
			baseConfigurationReference = 6DEE37A9FF5F6D30EC4599EFD2BDAEF7 /* Pods-Scoreboard.debug.xcconfig */;
			buildSettings = {
				ALWAYS_EMBED_SWIFT_STANDARD_LIBRARIES = NO;
				CLANG_ENABLE_OBJC_WEAK = NO;
				"CODE_SIGN_IDENTITY[sdk=appletvos*]" = "";
				"CODE_SIGN_IDENTITY[sdk=iphoneos*]" = "";
				"CODE_SIGN_IDENTITY[sdk=watchos*]" = "";
				CURRENT_PROJECT_VERSION = 1;
				DEFINES_MODULE = YES;
				DYLIB_COMPATIBILITY_VERSION = 1;
				DYLIB_CURRENT_VERSION = 1;
				DYLIB_INSTALL_NAME_BASE = "@rpath";
				INFOPLIST_FILE = "Target Support Files/Pods-Scoreboard/Pods-Scoreboard-Info.plist";
				INSTALL_PATH = "$(LOCAL_LIBRARY_DIR)/Frameworks";
				IPHONEOS_DEPLOYMENT_TARGET = 16.1;
				LD_RUNPATH_SEARCH_PATHS = (
					"$(inherited)",
					"@executable_path/Frameworks",
					"@loader_path/Frameworks",
				);
				MACH_O_TYPE = staticlib;
				MODULEMAP_FILE = "Target Support Files/Pods-Scoreboard/Pods-Scoreboard.modulemap";
				OTHER_LDFLAGS = "";
				OTHER_LIBTOOLFLAGS = "";
				PODS_ROOT = "$(SRCROOT)";
				PRODUCT_BUNDLE_IDENTIFIER = "org.cocoapods.${PRODUCT_NAME:rfc1034identifier}";
				PRODUCT_NAME = "$(TARGET_NAME:c99extidentifier)";
				SDKROOT = iphoneos;
				SKIP_INSTALL = YES;
				TARGETED_DEVICE_FAMILY = "1,2";
				VERSIONING_SYSTEM = "apple-generic";
				VERSION_INFO_PREFIX = "";
			};
			name = Debug;
		};
		CED55013787F3397AC938792D90D1C02 /* Release */ = {
			isa = XCBuildConfiguration;
			baseConfigurationReference = 94B3B389CF6C2BB4F391A1A16FD0DA46 /* Eureka.release.xcconfig */;
			buildSettings = {
				"CODE_SIGN_IDENTITY[sdk=appletvos*]" = "";
				"CODE_SIGN_IDENTITY[sdk=iphoneos*]" = "";
				"CODE_SIGN_IDENTITY[sdk=watchos*]" = "";
				CURRENT_PROJECT_VERSION = 1;
				DEFINES_MODULE = YES;
				DYLIB_COMPATIBILITY_VERSION = 1;
				DYLIB_CURRENT_VERSION = 1;
				DYLIB_INSTALL_NAME_BASE = "@rpath";
				GCC_PREFIX_HEADER = "Target Support Files/Eureka/Eureka-prefix.pch";
				INFOPLIST_FILE = "Target Support Files/Eureka/Eureka-Info.plist";
				INSTALL_PATH = "$(LOCAL_LIBRARY_DIR)/Frameworks";
				IPHONEOS_DEPLOYMENT_TARGET = 9.0;
				LD_RUNPATH_SEARCH_PATHS = (
					"$(inherited)",
					"@executable_path/Frameworks",
					"@loader_path/Frameworks",
				);
				MODULEMAP_FILE = "Target Support Files/Eureka/Eureka.modulemap";
				PRODUCT_MODULE_NAME = Eureka;
				PRODUCT_NAME = Eureka;
				SDKROOT = iphoneos;
				SKIP_INSTALL = YES;
				SWIFT_ACTIVE_COMPILATION_CONDITIONS = "$(inherited) ";
				SWIFT_VERSION = 5.0;
				TARGETED_DEVICE_FAMILY = "1,2";
				VALIDATE_PRODUCT = YES;
				VERSIONING_SYSTEM = "apple-generic";
				VERSION_INFO_PREFIX = "";
			};
			name = Release;
		};
		DDEA154D827DB920FFC4F9F6F57F14E4 /* Release */ = {
			isa = XCBuildConfiguration;
			baseConfigurationReference = 7915BEECEB519130150B59ADE011D2C9 /* Pods-Scoreboard.release.xcconfig */;
			buildSettings = {
				ALWAYS_EMBED_SWIFT_STANDARD_LIBRARIES = NO;
				CLANG_ENABLE_OBJC_WEAK = NO;
				"CODE_SIGN_IDENTITY[sdk=appletvos*]" = "";
				"CODE_SIGN_IDENTITY[sdk=iphoneos*]" = "";
				"CODE_SIGN_IDENTITY[sdk=watchos*]" = "";
				CURRENT_PROJECT_VERSION = 1;
				DEFINES_MODULE = YES;
				DYLIB_COMPATIBILITY_VERSION = 1;
				DYLIB_CURRENT_VERSION = 1;
				DYLIB_INSTALL_NAME_BASE = "@rpath";
				INFOPLIST_FILE = "Target Support Files/Pods-Scoreboard/Pods-Scoreboard-Info.plist";
				INSTALL_PATH = "$(LOCAL_LIBRARY_DIR)/Frameworks";
				IPHONEOS_DEPLOYMENT_TARGET = 16.1;
				LD_RUNPATH_SEARCH_PATHS = (
					"$(inherited)",
					"@executable_path/Frameworks",
					"@loader_path/Frameworks",
				);
				MACH_O_TYPE = staticlib;
				MODULEMAP_FILE = "Target Support Files/Pods-Scoreboard/Pods-Scoreboard.modulemap";
				OTHER_LDFLAGS = "";
				OTHER_LIBTOOLFLAGS = "";
				PODS_ROOT = "$(SRCROOT)";
				PRODUCT_BUNDLE_IDENTIFIER = "org.cocoapods.${PRODUCT_NAME:rfc1034identifier}";
				PRODUCT_NAME = "$(TARGET_NAME:c99extidentifier)";
				SDKROOT = iphoneos;
				SKIP_INSTALL = YES;
				TARGETED_DEVICE_FAMILY = "1,2";
				VALIDATE_PRODUCT = YES;
				VERSIONING_SYSTEM = "apple-generic";
				VERSION_INFO_PREFIX = "";
			};
			name = Release;
		};
/* End XCBuildConfiguration section */

/* Begin XCConfigurationList section */
		2BD6078BBF4ADE85FF441A7911BD9F20 /* Build configuration list for PBXNativeTarget "Eureka" */ = {
			isa = XCConfigurationList;
			buildConfigurations = (
				AE59D8F42374C7745ABF1A1848E33758 /* Debug */,
				CED55013787F3397AC938792D90D1C02 /* Release */,
			);
			defaultConfigurationIsVisible = 0;
			defaultConfigurationName = Release;
		};
		4821239608C13582E20E6DA73FD5F1F9 /* Build configuration list for PBXProject "Pods" */ = {
			isa = XCConfigurationList;
			buildConfigurations = (
				45285987FDC204B9DB7C0228892D4B3E /* Debug */,
				6AF9D8D0B4F4FA4695A8EEF773CD3FBC /* Release */,
			);
			defaultConfigurationIsVisible = 0;
			defaultConfigurationName = Release;
		};
		A00B0CC1EFD86EB387FCEC76023CB8C0 /* Build configuration list for PBXNativeTarget "Pods-Scoreboard" */ = {
			isa = XCConfigurationList;
			buildConfigurations = (
				B80681A531935D9DE534B8F4A42604B0 /* Debug */,
				DDEA154D827DB920FFC4F9F6F57F14E4 /* Release */,
			);
			defaultConfigurationIsVisible = 0;
			defaultConfigurationName = Release;
		};
		A50D258A9683136521FC63EA92562944 /* Build configuration list for PBXNativeTarget "Pods-ScoreboardTests" */ = {
			isa = XCConfigurationList;
			buildConfigurations = (
				805065C2AC310B6D03D554FBB9ED9495 /* Debug */,
				0ED438E6BCC002EA4E0737F050755A72 /* Release */,
			);
			defaultConfigurationIsVisible = 0;
			defaultConfigurationName = Release;
		};
/* End XCConfigurationList section */
	};
	rootObject = BFDFE7DC352907FC980B868725387E98 /* Project object */;
}
